
Microsoft Visual Studio Solution File, Format Version 12.00
# Visual Studio 15
VisualStudioVersion = 15.0.28307.1321
MinimumVisualStudioVersion = 10.0.40219.1
Project("{D2ABAB84-BF74-430A-B69E-9DC6D40DDA17}") = "myfirstcube", "myfirstcube\myfirstcube.dwproj", "{41FCA282-414F-4954-BAF0-7120B53B9624}"
EndProject
Global
	GlobalSection(SolutionConfigurationPlatforms) = preSolution
		Development|Default = Development|Default
	EndGlobalSection
	GlobalSection(ProjectConfigurationPlatforms) = postSolution
		{41FCA282-414F-4954-BAF0-7120B53B9624}.Development|Default.ActiveCfg = Development
		{41FCA282-414F-4954-BAF0-7120B53B9624}.Development|Default.Build.0 = Development
		{41FCA282-414F-4954-BAF0-7120B53B9624}.Development|Default.Deploy.0 = Development
	EndGlobalSection
	GlobalSection(SolutionProperties) = preSolution
		HideSolutionNode = FALSE
	EndGlobalSection
	GlobalSection(ExtensibilityGlobals) = postSolution
		SolutionGuid = {16DA7BE2-201F-41D5-9F1B-966BE6D42928}
	EndGlobalSection
EndGlobal
