
Microsoft Visual Studio Solution File, Format Version 12.00
# Visual Studio 15
VisualStudioVersion = 15.0.28307.1321
MinimumVisualStudioVersion = 10.0.40219.1
Project("{D2ABAB84-BF74-430A-B69E-9DC6D40DDA17}") = "monProjetSSAS1", "monProjetSSAS1\monProjetSSAS1.dwproj", "{2399D339-36ED-44FF-9896-8B098FB972D7}"
EndProject
Global
	GlobalSection(SolutionConfigurationPlatforms) = preSolution
		Development|Default = Development|Default
	EndGlobalSection
	GlobalSection(ProjectConfigurationPlatforms) = postSolution
		{2399D339-36ED-44FF-9896-8B098FB972D7}.Development|Default.ActiveCfg = Development
		{2399D339-36ED-44FF-9896-8B098FB972D7}.Development|Default.Build.0 = Development
		{2399D339-36ED-44FF-9896-8B098FB972D7}.Development|Default.Deploy.0 = Development
	EndGlobalSection
	GlobalSection(SolutionProperties) = preSolution
		HideSolutionNode = FALSE
	EndGlobalSection
	GlobalSection(ExtensibilityGlobals) = postSolution
		SolutionGuid = {C2753115-4D14-45E4-829D-624CE7696EF1}
	EndGlobalSection
EndGlobal
